
Microsoft Visual Studio Solution File, Format Version 12.00
# Visual Studio 15
Project("{FAE04EC0-301F-11D3-BF4B-00C04F79EFBC}") = "FluxShared", "FluxShared\FluxShared.csproj", "{0E3FBB77-F0A3-4535-8BD1-088352774A34}"
EndProject
Project("{FAE04EC0-301F-11D3-BF4B-00C04F79EFBC}") = "PSVRender", "PSVRender\PSVRender.csproj", "{C53226AC-1595-4DC4-B32E-353B2F0EEA32}"
EndProject
Project("{FAE04EC0-301F-11D3-BF4B-00C04F79EFBC}") = "GGRLib", "GGRLib\GGRLib.csproj", "{0BFAE5AD-335A-41DF-8FD4-1284745D0F48}"
EndProject
Project("{FAE04EC0-301F-11D3-BF4B-00C04F79EFBC}") = "AnotherFlux", "AnotherFlux\AnotherFlux.csproj", "{851A466F-1A2F-44D2-90EF-D6090E28C126}"
EndProject
Global
	GlobalSection(SolutionConfigurationPlatforms) = preSolution
		Debug|anycpu = Debug|anycpu
		Release|anycpu = Release|anycpu
	EndGlobalSection
	GlobalSection(ProjectConfigurationPlatforms) = postSolution
		{0E3FBB77-F0A3-4535-8BD1-088352774A34}.Debug|anycpu.ActiveCfg = Debug|Any CPU
		{0E3FBB77-F0A3-4535-8BD1-088352774A34}.Debug|anycpu.Build.0 = Debug|Any CPU
		{0E3FBB77-F0A3-4535-8BD1-088352774A34}.Release|anycpu.ActiveCfg = Release|Any CPU
		{0E3FBB77-F0A3-4535-8BD1-088352774A34}.Release|anycpu.Build.0 = Release|Any CPU
		{C53226AC-1595-4DC4-B32E-353B2F0EEA32}.Debug|anycpu.ActiveCfg = Debug|Any CPU
		{C53226AC-1595-4DC4-B32E-353B2F0EEA32}.Debug|anycpu.Build.0 = Debug|Any CPU
		{C53226AC-1595-4DC4-B32E-353B2F0EEA32}.Release|anycpu.ActiveCfg = Release|Any CPU
		{C53226AC-1595-4DC4-B32E-353B2F0EEA32}.Release|anycpu.Build.0 = Release|Any CPU
		{0BFAE5AD-335A-41DF-8FD4-1284745D0F48}.Debug|anycpu.ActiveCfg = Debug|Any CPU
		{0BFAE5AD-335A-41DF-8FD4-1284745D0F48}.Debug|anycpu.Build.0 = Debug|Any CPU
		{0BFAE5AD-335A-41DF-8FD4-1284745D0F48}.Release|anycpu.ActiveCfg = Release|Any CPU
		{0BFAE5AD-335A-41DF-8FD4-1284745D0F48}.Release|anycpu.Build.0 = Release|Any CPU
		{851A466F-1A2F-44D2-90EF-D6090E28C126}.Debug|anycpu.ActiveCfg = Debug|Any CPU
		{851A466F-1A2F-44D2-90EF-D6090E28C126}.Debug|anycpu.Build.0 = Debug|Any CPU
		{851A466F-1A2F-44D2-90EF-D6090E28C126}.Release|anycpu.ActiveCfg = Release|Any CPU
		{851A466F-1A2F-44D2-90EF-D6090E28C126}.Release|anycpu.Build.0 = Release|Any CPU
	EndGlobalSection
EndGlobal
